{
  "originHash" : "6b74de25b1e2ea66506e072092eba5d1177b6017c542f6a802c236a23e8b9028",
  "pins" : [
    {
      "identity" : "swift-argument-parser",
      "kind" : "remoteSourceControl",
      "location" : "https://github.com/apple/swift-argument-parser.git",
      "state" : {
        "revision" : "6a52f3251125d74daf04fcbd5e6f08a75d074382",
        "version" : "1.8.2"
      }
    },
    {
      "identity" : "whisperkit",
      "kind" : "remoteSourceControl",
      "location" : "https://github.com/argmaxinc/WhisperKit.git",
      "state" : {
        "revision" : "1bbc57cb7fe6410248a685b1c5a3c6d56adc2ed4",
        "version" : "1.1.1"
      }
    }
  ],
  "version" : 3
}
